// !$*UTF8*$!
{
	archiveVersion = 1;
	classes = {
	};
	objectVersion = 46;
	objects = {

/* Begin PBXBuildFile section */
		9423EA5B1A24F14900C23970 /* MCTWebApp.h in Headers */ = {isa = PBXBuildFile; fileRef = 9423EA5A1A24F14900C23970 /* MCTWebApp.h */; settings = {ATTRIBUTES = (Public, ); }; };
		9423EA611A24F14900C23970 /* MCTWebApp.framework in Frameworks */ = {isa = PBXBuildFile; fileRef = 9423EA551A24F14900C23970 /* MCTWebApp.framework */; };
		9423EA681A24F14900C23970 /* MCTWebAppTests.m in Sources */ = {isa = PBXBuildFile; fileRef = 9423EA671A24F14900C23970 /* MCTWebAppTests.m */; };
		9423EA731A24F16200C23970 /* MCTWebAppConfiguration.h in Headers */ = {isa = PBXBuildFile; fileRef = 9423EA711A24F16200C23970 /* MCTWebAppConfiguration.h */; settings = {ATTRIBUTES = (Public, ); }; };
		9423EA741A24F16200C23970 /* MCTWebAppConfiguration.m in Sources */ = {isa = PBXBuildFile; fileRef = 9423EA721A24F16200C23970 /* MCTWebAppConfiguration.m */; };
		9423EA791A24F39600C23970 /* MCTWebAppViewController.h in Headers */ = {isa = PBXBuildFile; fileRef = 9423EA771A24F39600C23970 /* MCTWebAppViewController.h */; settings = {ATTRIBUTES = (Public, ); }; };
		9423EA7A1A24F39600C23970 /* MCTWebAppViewController.m in Sources */ = {isa = PBXBuildFile; fileRef = 9423EA781A24F39600C23970 /* MCTWebAppViewController.m */; };
		9423EA7D1A24F5F000C23970 /* MCTWebAppEventHandler.h in Headers */ = {isa = PBXBuildFile; fileRef = 9423EA7B1A24F5F000C23970 /* MCTWebAppEventHandler.h */; };
		9423EA7E1A24F5F000C23970 /* MCTWebAppEventHandler.m in Sources */ = {isa = PBXBuildFile; fileRef = 9423EA7C1A24F5F000C23970 /* MCTWebAppEventHandler.m */; };
		9423EA891A24FA7300C23970 /* main.m in Sources */ = {isa = PBXBuildFile; fileRef = 9423EA881A24FA7300C23970 /* main.m */; };
		9423EA8C1A24FA7300C23970 /* AppDelegate.m in Sources */ = {isa = PBXBuildFile; fileRef = 9423EA8B1A24FA7300C23970 /* AppDelegate.m */; };
		9423EA941A24FA7300C23970 /* Images.xcassets in Resources */ = {isa = PBXBuildFile; fileRef = 9423EA931A24FA7300C23970 /* Images.xcassets */; };
		9423EA971A24FA7300C23970 /* LaunchScreen.xib in Resources */ = {isa = PBXBuildFile; fileRef = 9423EA951A24FA7300C23970 /* LaunchScreen.xib */; };
		9423EAA31A24FA7300C23970 /* TestWebAppTests.m in Sources */ = {isa = PBXBuildFile; fileRef = 9423EAA21A24FA7300C23970 /* TestWebAppTests.m */; };
		9423EAAA1A24FA8400C23970 /* MCTWebApp.framework in Frameworks */ = {isa = PBXBuildFile; fileRef = 9423EA551A24F14900C23970 /* MCTWebApp.framework */; };
		9423EAAB1A24FA8400C23970 /* MCTWebApp.framework in Embed Frameworks */ = {isa = PBXBuildFile; fileRef = 9423EA551A24F14900C23970 /* MCTWebApp.framework */; settings = {ATTRIBUTES = (CodeSignOnCopy, RemoveHeadersOnCopy, ); }; };
		9423EAB21A252EAD00C23970 /* MCTWebAppNativeFile.h in Headers */ = {isa = PBXBuildFile; fileRef = 9423EAB01A252EAD00C23970 /* MCTWebAppNativeFile.h */; settings = {ATTRIBUTES = (Public, ); }; };
		9423EAB31A252EAD00C23970 /* MCTWebAppNativeFile.m in Sources */ = {isa = PBXBuildFile; fileRef = 9423EAB11A252EAD00C23970 /* MCTWebAppNativeFile.m */; };
		9423EAB61A253C3100C23970 /* MCTWebAppNavigationBar.h in Headers */ = {isa = PBXBuildFile; fileRef = 9423EAB41A253C3100C23970 /* MCTWebAppNavigationBar.h */; settings = {ATTRIBUTES = (Public, ); }; };
		9423EAB71A253C3100C23970 /* MCTWebAppNavigationBar.m in Sources */ = {isa = PBXBuildFile; fileRef = 9423EAB51A253C3100C23970 /* MCTWebAppNavigationBar.m */; };
		9423EAB91A253EDD00C23970 /* MCTWebAppNavigationBarProtocol.h in Headers */ = {isa = PBXBuildFile; fileRef = 9423EAB81A253ED700C23970 /* MCTWebAppNavigationBarProtocol.h */; settings = {ATTRIBUTES = (Public, ); }; };
/* End PBXBuildFile section */

/* Begin PBXContainerItemProxy section */
		9423EA621A24F14900C23970 /* PBXContainerItemProxy */ = {
			isa = PBXContainerItemProxy;
			containerPortal = 9423EA4C1A24F14900C23970 /* Project object */;
			proxyType = 1;
			remoteGlobalIDString = 9423EA541A24F14900C23970;
			remoteInfo = MCTWebApp;
		};
		9423EA9D1A24FA7300C23970 /* PBXContainerItemProxy */ = {
			isa = PBXContainerItemProxy;
			containerPortal = 9423EA4C1A24F14900C23970 /* Project object */;
			proxyType = 1;
			remoteGlobalIDString = 9423EA831A24FA7300C23970;
			remoteInfo = TestWebApp;
		};
		9423EAAC1A24FA8400C23970 /* PBXContainerItemProxy */ = {
			isa = PBXContainerItemProxy;
			containerPortal = 9423EA4C1A24F14900C23970 /* Project object */;
			proxyType = 1;
			remoteGlobalIDString = 9423EA541A24F14900C23970;
			remoteInfo = MCTWebApp;
		};
/* End PBXContainerItemProxy section */

/* Begin PBXCopyFilesBuildPhase section */
		9423EAAE1A24FA8400C23970 /* Embed Frameworks */ = {
			isa = PBXCopyFilesBuildPhase;
			buildActionMask = 2147483647;
			dstPath = "";
			dstSubfolderSpec = 10;
			files = (
				9423EAAB1A24FA8400C23970 /* MCTWebApp.framework in Embed Frameworks */,
			);
			name = "Embed Frameworks";
			runOnlyForDeploymentPostprocessing = 0;
		};
/* End PBXCopyFilesBuildPhase section */

/* Begin PBXFileReference section */
		9423EA551A24F14900C23970 /* MCTWebApp.framework */ = {isa = PBXFileReference; explicitFileType = wrapper.framework; includeInIndex = 0; path = MCTWebApp.framework; sourceTree = BUILT_PRODUCTS_DIR; };
		9423EA591A24F14900C23970 /* Info.plist */ = {isa = PBXFileReference; lastKnownFileType = text.plist.xml; path = Info.plist; sourceTree = "<group>"; };
		9423EA5A1A24F14900C23970 /* MCTWebApp.h */ = {isa = PBXFileReference; lastKnownFileType = sourcecode.c.h; path = MCTWebApp.h; sourceTree = "<group>"; };
		9423EA601A24F14900C23970 /* MCTWebAppTests.xctest */ = {isa = PBXFileReference; explicitFileType = wrapper.cfbundle; includeInIndex = 0; path = MCTWebAppTests.xctest; sourceTree = BUILT_PRODUCTS_DIR; };
		9423EA661A24F14900C23970 /* Info.plist */ = {isa = PBXFileReference; lastKnownFileType = text.plist.xml; path = Info.plist; sourceTree = "<group>"; };
		9423EA671A24F14900C23970 /* MCTWebAppTests.m */ = {isa = PBXFileReference; lastKnownFileType = sourcecode.c.objc; path = MCTWebAppTests.m; sourceTree = "<group>"; };
		9423EA711A24F16200C23970 /* MCTWebAppConfiguration.h */ = {isa = PBXFileReference; fileEncoding = 4; lastKnownFileType = sourcecode.c.h; path = MCTWebAppConfiguration.h; sourceTree = "<group>"; };
		9423EA721A24F16200C23970 /* MCTWebAppConfiguration.m */ = {isa = PBXFileReference; fileEncoding = 4; lastKnownFileType = sourcecode.c.objc; path = MCTWebAppConfiguration.m; sourceTree = "<group>"; };
		9423EA771A24F39600C23970 /* MCTWebAppViewController.h */ = {isa = PBXFileReference; fileEncoding = 4; lastKnownFileType = sourcecode.c.h; path = MCTWebAppViewController.h; sourceTree = "<group>"; };
		9423EA781A24F39600C23970 /* MCTWebAppViewController.m */ = {isa = PBXFileReference; fileEncoding = 4; lastKnownFileType = sourcecode.c.objc; path = MCTWebAppViewController.m; sourceTree = "<group>"; };
		9423EA7B1A24F5F000C23970 /* MCTWebAppEventHandler.h */ = {isa = PBXFileReference; fileEncoding = 4; lastKnownFileType = sourcecode.c.h; path = MCTWebAppEventHandler.h; sourceTree = "<group>"; };
		9423EA7C1A24F5F000C23970 /* MCTWebAppEventHandler.m */ = {isa = PBXFileReference; fileEncoding = 4; lastKnownFileType = sourcecode.c.objc; path = MCTWebAppEventHandler.m; sourceTree = "<group>"; };
		9423EA7F1A24F79000C23970 /* README.md */ = {isa = PBXFileReference; lastKnownFileType = net.daringfireball.markdown; path = README.md; sourceTree = SOURCE_ROOT; };
		9423EA841A24FA7300C23970 /* TestWebApp.app */ = {isa = PBXFileReference; explicitFileType = wrapper.application; includeInIndex = 0; path = TestWebApp.app; sourceTree = BUILT_PRODUCTS_DIR; };
		9423EA871A24FA7300C23970 /* Info.plist */ = {isa = PBXFileReference; lastKnownFileType = text.plist.xml; path = Info.plist; sourceTree = "<group>"; };
		9423EA881A24FA7300C23970 /* main.m */ = {isa = PBXFileReference; lastKnownFileType = sourcecode.c.objc; path = main.m; sourceTree = "<group>"; };
		9423EA8A1A24FA7300C23970 /* AppDelegate.h */ = {isa = PBXFileReference; lastKnownFileType = sourcecode.c.h; path = AppDelegate.h; sourceTree = "<group>"; };
		9423EA8B1A24FA7300C23970 /* AppDelegate.m */ = {isa = PBXFileReference; lastKnownFileType = sourcecode.c.objc; path = AppDelegate.m; sourceTree = "<group>"; };
		9423EA931A24FA7300C23970 /* Images.xcassets */ = {isa = PBXFileReference; lastKnownFileType = folder.assetcatalog; path = Images.xcassets; sourceTree = "<group>"; };
		9423EA961A24FA7300C23970 /* Base */ = {isa = PBXFileReference; lastKnownFileType = file.xib; name = Base; path = Base.lproj/LaunchScreen.xib; sourceTree = "<group>"; };
		9423EA9C1A24FA7300C23970 /* TestWebAppTests.xctest */ = {isa = PBXFileReference; explicitFileType = wrapper.cfbundle; includeInIndex = 0; path = TestWebAppTests.xctest; sourceTree = BUILT_PRODUCTS_DIR; };
		9423EAA11A24FA7300C23970 /* Info.plist */ = {isa = PBXFileReference; lastKnownFileType = text.plist.xml; path = Info.plist; sourceTree = "<group>"; };
		9423EAA21A24FA7300C23970 /* TestWebAppTests.m */ = {isa = PBXFileReference; lastKnownFileType = sourcecode.c.objc; path = TestWebAppTests.m; sourceTree = "<group>"; };
		9423EAB01A252EAD00C23970 /* MCTWebAppNativeFile.h */ = {isa = PBXFileReference; fileEncoding = 4; lastKnownFileType = sourcecode.c.h; path = MCTWebAppNativeFile.h; sourceTree = "<group>"; };
		9423EAB11A252EAD00C23970 /* MCTWebAppNativeFile.m */ = {isa = PBXFileReference; fileEncoding = 4; lastKnownFileType = sourcecode.c.objc; path = MCTWebAppNativeFile.m; sourceTree = "<group>"; };
		9423EAB41A253C3100C23970 /* MCTWebAppNavigationBar.h */ = {isa = PBXFileReference; fileEncoding = 4; lastKnownFileType = sourcecode.c.h; path = MCTWebAppNavigationBar.h; sourceTree = "<group>"; };
		9423EAB51A253C3100C23970 /* MCTWebAppNavigationBar.m */ = {isa = PBXFileReference; fileEncoding = 4; lastKnownFileType = sourcecode.c.objc; path = MCTWebAppNavigationBar.m; sourceTree = "<group>"; };
		9423EAB81A253ED700C23970 /* MCTWebAppNavigationBarProtocol.h */ = {isa = PBXFileReference; lastKnownFileType = sourcecode.c.h; path = MCTWebAppNavigationBarProtocol.h; sourceTree = "<group>"; };
/* End PBXFileReference section */

/* Begin PBXFrameworksBuildPhase section */
		9423EA511A24F14900C23970 /* Frameworks */ = {
			isa = PBXFrameworksBuildPhase;
			buildActionMask = 2147483647;
			files = (
			);
			runOnlyForDeploymentPostprocessing = 0;
		};
		9423EA5D1A24F14900C23970 /* Frameworks */ = {
			isa = PBXFrameworksBuildPhase;
			buildActionMask = 2147483647;
			files = (
				9423EA611A24F14900C23970 /* MCTWebApp.framework in Frameworks */,
			);
			runOnlyForDeploymentPostprocessing = 0;
		};
		9423EA811A24FA7300C23970 /* Frameworks */ = {
			isa = PBXFrameworksBuildPhase;
			buildActionMask = 2147483647;
			files = (
				9423EAAA1A24FA8400C23970 /* MCTWebApp.framework in Frameworks */,
			);
			runOnlyForDeploymentPostprocessing = 0;
		};
		9423EA991A24FA7300C23970 /* Frameworks */ = {
			isa = PBXFrameworksBuildPhase;
			buildActionMask = 2147483647;
			files = (
			);
			runOnlyForDeploymentPostprocessing = 0;
		};
/* End PBXFrameworksBuildPhase section */

/* Begin PBXGroup section */
		9423EA4B1A24F14900C23970 = {
			isa = PBXGroup;
			children = (
				9423EA571A24F14900C23970 /* MCTWebApp */,
				9423EA641A24F14900C23970 /* MCTWebAppTests */,
				9423EA851A24FA7300C23970 /* TestWebApp */,
				9423EA9F1A24FA7300C23970 /* TestWebAppTests */,
				9423EA561A24F14900C23970 /* Products */,
			);
			sourceTree = "<group>";
		};
		9423EA561A24F14900C23970 /* Products */ = {
			isa = PBXGroup;
			children = (
				9423EA551A24F14900C23970 /* MCTWebApp.framework */,
				9423EA601A24F14900C23970 /* MCTWebAppTests.xctest */,
				9423EA841A24FA7300C23970 /* TestWebApp.app */,
				9423EA9C1A24FA7300C23970 /* TestWebAppTests.xctest */,
			);
			name = Products;
			sourceTree = "<group>";
		};
		9423EA571A24F14900C23970 /* MCTWebApp */ = {
			isa = PBXGroup;
			children = (
				9423EA5A1A24F14900C23970 /* MCTWebApp.h */,
				9423EA711A24F16200C23970 /* MCTWebAppConfiguration.h */,
				9423EA721A24F16200C23970 /* MCTWebAppConfiguration.m */,
				9423EA771A24F39600C23970 /* MCTWebAppViewController.h */,
				9423EA781A24F39600C23970 /* MCTWebAppViewController.m */,
				9423EAB01A252EAD00C23970 /* MCTWebAppNativeFile.h */,
				9423EAB11A252EAD00C23970 /* MCTWebAppNativeFile.m */,
				9423EAB41A253C3100C23970 /* MCTWebAppNavigationBar.h */,
				9423EAB51A253C3100C23970 /* MCTWebAppNavigationBar.m */,
				9423EAB81A253ED700C23970 /* MCTWebAppNavigationBarProtocol.h */,
				9423EAAF1A252D5500C23970 /* Events */,
				9423EA581A24F14900C23970 /* Supporting Files */,
			);
			path = MCTWebApp;
			sourceTree = "<group>";
		};
		9423EA581A24F14900C23970 /* Supporting Files */ = {
			isa = PBXGroup;
			children = (
				9423EA7F1A24F79000C23970 /* README.md */,
				9423EA591A24F14900C23970 /* Info.plist */,
			);
			name = "Supporting Files";
			sourceTree = "<group>";
		};
		9423EA641A24F14900C23970 /* MCTWebAppTests */ = {
			isa = PBXGroup;
			children = (
				9423EA671A24F14900C23970 /* MCTWebAppTests.m */,
				9423EA651A24F14900C23970 /* Supporting Files */,
			);
			path = MCTWebAppTests;
			sourceTree = "<group>";
		};
		9423EA651A24F14900C23970 /* Supporting Files */ = {
			isa = PBXGroup;
			children = (
				9423EA661A24F14900C23970 /* Info.plist */,
			);
			name = "Supporting Files";
			sourceTree = "<group>";
		};
		9423EA851A24FA7300C23970 /* TestWebApp */ = {
			isa = PBXGroup;
			children = (
				9423EA8A1A24FA7300C23970 /* AppDelegate.h */,
				9423EA8B1A24FA7300C23970 /* AppDelegate.m */,
				9423EA931A24FA7300C23970 /* Images.xcassets */,
				9423EA951A24FA7300C23970 /* LaunchScreen.xib */,
				9423EA861A24FA7300C23970 /* Supporting Files */,
			);
			path = TestWebApp;
			sourceTree = "<group>";
		};
		9423EA861A24FA7300C23970 /* Supporting Files */ = {
			isa = PBXGroup;
			children = (
				9423EA871A24FA7300C23970 /* Info.plist */,
				9423EA881A24FA7300C23970 /* main.m */,
			);
			name = "Supporting Files";
			sourceTree = "<group>";
		};
		9423EA9F1A24FA7300C23970 /* TestWebAppTests */ = {
			isa = PBXGroup;
			children = (
				9423EAA21A24FA7300C23970 /* TestWebAppTests.m */,
				9423EAA01A24FA7300C23970 /* Supporting Files */,
			);
			path = TestWebAppTests;
			sourceTree = "<group>";
		};
		9423EAA01A24FA7300C23970 /* Supporting Files */ = {
			isa = PBXGroup;
			children = (
				9423EAA11A24FA7300C23970 /* Info.plist */,
			);
			name = "Supporting Files";
			sourceTree = "<group>";
		};
		9423EAAF1A252D5500C23970 /* Events */ = {
			isa = PBXGroup;
			children = (
				9423EA7B1A24F5F000C23970 /* MCTWebAppEventHandler.h */,
				9423EA7C1A24F5F000C23970 /* MCTWebAppEventHandler.m */,
			);
			name = Events;
			sourceTree = "<group>";
		};
/* End PBXGroup section */

/* Begin PBXHeadersBuildPhase section */
		9423EA521A24F14900C23970 /* Headers */ = {
			isa = PBXHeadersBuildPhase;
			buildActionMask = 2147483647;
			files = (
				9423EAB61A253C3100C23970 /* MCTWebAppNavigationBar.h in Headers */,
				9423EAB21A252EAD00C23970 /* MCTWebAppNativeFile.h in Headers */,
				9423EA7D1A24F5F000C23970 /* MCTWebAppEventHandler.h in Headers */,
				9423EA5B1A24F14900C23970 /* MCTWebApp.h in Headers */,
				9423EA791A24F39600C23970 /* MCTWebAppViewController.h in Headers */,
				9423EA731A24F16200C23970 /* MCTWebAppConfiguration.h in Headers */,
				9423EAB91A253EDD00C23970 /* MCTWebAppNavigationBarProtocol.h in Headers */,
			);
			runOnlyForDeploymentPostprocessing = 0;
		};
/* End PBXHeadersBuildPhase section */

/* Begin PBXNativeTarget section */
		9423EA541A24F14900C23970 /* MCTWebApp */ = {
			isa = PBXNativeTarget;
			buildConfigurationList = 9423EA6B1A24F14900C23970 /* Build configuration list for PBXNativeTarget "MCTWebApp" */;
			buildPhases = (
				9423EA501A24F14900C23970 /* Sources */,
				9423EA511A24F14900C23970 /* Frameworks */,
				9423EA521A24F14900C23970 /* Headers */,
				9423EA531A24F14900C23970 /* Resources */,
			);
			buildRules = (
			);
			dependencies = (
			);
			name = MCTWebApp;
			productName = MCTWebApp;
			productReference = 9423EA551A24F14900C23970 /* MCTWebApp.framework */;
			productType = "com.apple.product-type.framework";
		};
		9423EA5F1A24F14900C23970 /* MCTWebAppTests */ = {
			isa = PBXNativeTarget;
			buildConfigurationList = 9423EA6E1A24F14900C23970 /* Build configuration list for PBXNativeTarget "MCTWebAppTests" */;
			buildPhases = (
				9423EA5C1A24F14900C23970 /* Sources */,
				9423EA5D1A24F14900C23970 /* Frameworks */,
				9423EA5E1A24F14900C23970 /* Resources */,
			);
			buildRules = (
			);
			dependencies = (
				9423EA631A24F14900C23970 /* PBXTargetDependency */,
			);
			name = MCTWebAppTests;
			productName = MCTWebAppTests;
			productReference = 9423EA601A24F14900C23970 /* MCTWebAppTests.xctest */;
			productType = "com.apple.product-type.bundle.unit-test";
		};
		9423EA831A24FA7300C23970 /* TestWebApp */ = {
			isa = PBXNativeTarget;
			buildConfigurationList = 9423EAA41A24FA7300C23970 /* Build configuration list for PBXNativeTarget "TestWebApp" */;
			buildPhases = (
				9423EA801A24FA7300C23970 /* Sources */,
				9423EA811A24FA7300C23970 /* Frameworks */,
				9423EA821A24FA7300C23970 /* Resources */,
				9423EAAE1A24FA8400C23970 /* Embed Frameworks */,
			);
			buildRules = (
			);
			dependencies = (
				9423EAAD1A24FA8400C23970 /* PBXTargetDependency */,
			);
			name = TestWebApp;
			productName = TestWebApp;
			productReference = 9423EA841A24FA7300C23970 /* TestWebApp.app */;
			productType = "com.apple.product-type.application";
		};
		9423EA9B1A24FA7300C23970 /* TestWebAppTests */ = {
			isa = PBXNativeTarget;
			buildConfigurationList = 9423EAA71A24FA7300C23970 /* Build configuration list for PBXNativeTarget "TestWebAppTests" */;
			buildPhases = (
				9423EA981A24FA7300C23970 /* Sources */,
				9423EA991A24FA7300C23970 /* Frameworks */,
				9423EA9A1A24FA7300C23970 /* Resources */,
			);
			buildRules = (
			);
			dependencies = (
				9423EA9E1A24FA7300C23970 /* PBXTargetDependency */,
			);
			name = TestWebAppTests;
			productName = TestWebAppTests;
			productReference = 9423EA9C1A24FA7300C23970 /* TestWebAppTests.xctest */;
			productType = "com.apple.product-type.bundle.unit-test";
		};
/* End PBXNativeTarget section */

/* Begin PBXProject section */
		9423EA4C1A24F14900C23970 /* Project object */ = {
			isa = PBXProject;
			attributes = {
				LastUpgradeCheck = 0610;
				ORGANIZATIONNAME = "Ministry Centered Technology";
				TargetAttributes = {
					9423EA541A24F14900C23970 = {
						CreatedOnToolsVersion = 6.1;
					};
					9423EA5F1A24F14900C23970 = {
						CreatedOnToolsVersion = 6.1;
					};
					9423EA831A24FA7300C23970 = {
						CreatedOnToolsVersion = 6.1;
					};
					9423EA9B1A24FA7300C23970 = {
						CreatedOnToolsVersion = 6.1;
						TestTargetID = 9423EA831A24FA7300C23970;
					};
				};
			};
			buildConfigurationList = 9423EA4F1A24F14900C23970 /* Build configuration list for PBXProject "MCTWebApp" */;
			compatibilityVersion = "Xcode 3.2";
			developmentRegion = English;
			hasScannedForEncodings = 0;
			knownRegions = (
				en,
				Base,
			);
			mainGroup = 9423EA4B1A24F14900C23970;
			productRefGroup = 9423EA561A24F14900C23970 /* Products */;
			projectDirPath = "";
			projectRoot = "";
			targets = (
				9423EA541A24F14900C23970 /* MCTWebApp */,
				9423EA5F1A24F14900C23970 /* MCTWebAppTests */,
				9423EA831A24FA7300C23970 /* TestWebApp */,
				9423EA9B1A24FA7300C23970 /* TestWebAppTests */,
			);
		};
/* End PBXProject section */

/* Begin PBXResourcesBuildPhase section */
		9423EA531A24F14900C23970 /* Resources */ = {
			isa = PBXResourcesBuildPhase;
			buildActionMask = 2147483647;
			files = (
			);
			runOnlyForDeploymentPostprocessing = 0;
		};
		9423EA5E1A24F14900C23970 /* Resources */ = {
			isa = PBXResourcesBuildPhase;
			buildActionMask = 2147483647;
			files = (
			);
			runOnlyForDeploymentPostprocessing = 0;
		};
		9423EA821A24FA7300C23970 /* Resources */ = {
			isa = PBXResourcesBuildPhase;
			buildActionMask = 2147483647;
			files = (
				9423EA971A24FA7300C23970 /* LaunchScreen.xib in Resources */,
				9423EA941A24FA7300C23970 /* Images.xcassets in Resources */,
			);
			runOnlyForDeploymentPostprocessing = 0;
		};
		9423EA9A1A24FA7300C23970 /* Resources */ = {
			isa = PBXResourcesBuildPhase;
			buildActionMask = 2147483647;
			files = (
			);
			runOnlyForDeploymentPostprocessing = 0;
		};
/* End PBXResourcesBuildPhase section */

/* Begin PBXSourcesBuildPhase section */
		9423EA501A24F14900C23970 /* Sources */ = {
			isa = PBXSourcesBuildPhase;
			buildActionMask = 2147483647;
			files = (
				9423EA7A1A24F39600C23970 /* MCTWebAppViewController.m in Sources */,
				9423EA741A24F16200C23970 /* MCTWebAppConfiguration.m in Sources */,
				9423EAB31A252EAD00C23970 /* MCTWebAppNativeFile.m in Sources */,
				9423EA7E1A24F5F000C23970 /* MCTWebAppEventHandler.m in Sources */,
				9423EAB71A253C3100C23970 /* MCTWebAppNavigationBar.m in Sources */,
			);
			runOnlyForDeploymentPostprocessing = 0;
		};
		9423EA5C1A24F14900C23970 /* Sources */ = {
			isa = PBXSourcesBuildPhase;
			buildActionMask = 2147483647;
			files = (
				9423EA681A24F14900C23970 /* MCTWebAppTests.m in Sources */,
			);
			runOnlyForDeploymentPostprocessing = 0;
		};
		9423EA801A24FA7300C23970 /* Sources */ = {
			isa = PBXSourcesBuildPhase;
			buildActionMask = 2147483647;
			files = (
				9423EA8C1A24FA7300C23970 /* AppDelegate.m in Sources */,
				9423EA891A24FA7300C23970 /* main.m in Sources */,
			);
			runOnlyForDeploymentPostprocessing = 0;
		};
		9423EA981A24FA7300C23970 /* Sources */ = {
			isa = PBXSourcesBuildPhase;
			buildActionMask = 2147483647;
			files = (
				9423EAA31A24FA7300C23970 /* TestWebAppTests.m in Sources */,
			);
			runOnlyForDeploymentPostprocessing = 0;
		};
/* End PBXSourcesBuildPhase section */

/* Begin PBXTargetDependency section */
		9423EA631A24F14900C23970 /* PBXTargetDependency */ = {
			isa = PBXTargetDependency;
			target = 9423EA541A24F14900C23970 /* MCTWebApp */;
			targetProxy = 9423EA621A24F14900C23970 /* PBXContainerItemProxy */;
		};
		9423EA9E1A24FA7300C23970 /* PBXTargetDependency */ = {
			isa = PBXTargetDependency;
			target = 9423EA831A24FA7300C23970 /* TestWebApp */;
			targetProxy = 9423EA9D1A24FA7300C23970 /* PBXContainerItemProxy */;
		};
		9423EAAD1A24FA8400C23970 /* PBXTargetDependency */ = {
			isa = PBXTargetDependency;
			target = 9423EA541A24F14900C23970 /* MCTWebApp */;
			targetProxy = 9423EAAC1A24FA8400C23970 /* PBXContainerItemProxy */;
		};
/* End PBXTargetDependency section */

/* Begin PBXVariantGroup section */
		9423EA951A24FA7300C23970 /* LaunchScreen.xib */ = {
			isa = PBXVariantGroup;
			children = (
				9423EA961A24FA7300C23970 /* Base */,
			);
			name = LaunchScreen.xib;
			sourceTree = "<group>";
		};
/* End PBXVariantGroup section */

/* Begin XCBuildConfiguration section */
		9423EA691A24F14900C23970 /* Debug */ = {
			isa = XCBuildConfiguration;
			buildSettings = {
				ALWAYS_SEARCH_USER_PATHS = NO;
				CLANG_CXX_LANGUAGE_STANDARD = "gnu++0x";
				CLANG_CXX_LIBRARY = "libc++";
				CLANG_ENABLE_MODULES = YES;
				CLANG_ENABLE_OBJC_ARC = YES;
				CLANG_WARN_BOOL_CONVERSION = YES;
				CLANG_WARN_CONSTANT_CONVERSION = YES;
				CLANG_WARN_DIRECT_OBJC_ISA_USAGE = YES_ERROR;
				CLANG_WARN_EMPTY_BODY = YES;
				CLANG_WARN_ENUM_CONVERSION = YES;
				CLANG_WARN_INT_CONVERSION = YES;
				CLANG_WARN_OBJC_ROOT_CLASS = YES_ERROR;
				CLANG_WARN_UNREACHABLE_CODE = YES;
				CLANG_WARN__DUPLICATE_METHOD_MATCH = YES;
				"CODE_SIGN_IDENTITY[sdk=iphoneos*]" = "iPhone Developer";
				COPY_PHASE_STRIP = NO;
				CURRENT_PROJECT_VERSION = 1;
				ENABLE_STRICT_OBJC_MSGSEND = YES;
				GCC_C_LANGUAGE_STANDARD = gnu99;
				GCC_DYNAMIC_NO_PIC = NO;
				GCC_OPTIMIZATION_LEVEL = 0;
				GCC_PREPROCESSOR_DEFINITIONS = (
					"DEBUG=1",
					"$(inherited)",
				);
				GCC_SYMBOLS_PRIVATE_EXTERN = NO;
				GCC_WARN_64_TO_32_BIT_CONVERSION = YES;
				GCC_WARN_ABOUT_RETURN_TYPE = YES_ERROR;
				GCC_WARN_UNDECLARED_SELECTOR = YES;
				GCC_WARN_UNINITIALIZED_AUTOS = YES_AGGRESSIVE;
				GCC_WARN_UNUSED_FUNCTION = YES;
				GCC_WARN_UNUSED_VARIABLE = YES;
				IPHONEOS_DEPLOYMENT_TARGET = 8.1;
				MTL_ENABLE_DEBUG_INFO = YES;
				ONLY_ACTIVE_ARCH = YES;
				SDKROOT = iphoneos;
				TARGETED_DEVICE_FAMILY = "1,2";
				VERSIONING_SYSTEM = "apple-generic";
				VERSION_INFO_PREFIX = "";
			};
			name = Debug;
		};
		9423EA6A1A24F14900C23970 /* Release */ = {
			isa = XCBuildConfiguration;
			buildSettings = {
				ALWAYS_SEARCH_USER_PATHS = NO;
				CLANG_CXX_LANGUAGE_STANDARD = "gnu++0x";
				CLANG_CXX_LIBRARY = "libc++";
				CLANG_ENABLE_MODULES = YES;
				CLANG_ENABLE_OBJC_ARC = YES;
				CLANG_WARN_BOOL_CONVERSION = YES;
				CLANG_WARN_CONSTANT_CONVERSION = YES;
				CLANG_WARN_DIRECT_OBJC_ISA_USAGE = YES_ERROR;
				CLANG_WARN_EMPTY_BODY = YES;
				CLANG_WARN_ENUM_CONVERSION = YES;
				CLANG_WARN_INT_CONVERSION = YES;
				CLANG_WARN_OBJC_ROOT_CLASS = YES_ERROR;
				CLANG_WARN_UNREACHABLE_CODE = YES;
				CLANG_WARN__DUPLICATE_METHOD_MATCH = YES;
				"CODE_SIGN_IDENTITY[sdk=iphoneos*]" = "iPhone Developer";
				COPY_PHASE_STRIP = YES;
				CURRENT_PROJECT_VERSION = 1;
				ENABLE_NS_ASSERTIONS = NO;
				ENABLE_STRICT_OBJC_MSGSEND = YES;
				GCC_C_LANGUAGE_STANDARD = gnu99;
				GCC_WARN_64_TO_32_BIT_CONVERSION = YES;
				GCC_WARN_ABOUT_RETURN_TYPE = YES_ERROR;
				GCC_WARN_UNDECLARED_SELECTOR = YES;
				GCC_WARN_UNINITIALIZED_AUTOS = YES_AGGRESSIVE;
				GCC_WARN_UNUSED_FUNCTION = YES;
				GCC_WARN_UNUSED_VARIABLE = YES;
				IPHONEOS_DEPLOYMENT_TARGET = 8.1;
				MTL_ENABLE_DEBUG_INFO = NO;
				SDKROOT = iphoneos;
				TARGETED_DEVICE_FAMILY = "1,2";
				VALIDATE_PRODUCT = YES;
				VERSIONING_SYSTEM = "apple-generic";
				VERSION_INFO_PREFIX = "";
			};
			name = Release;
		};
		9423EA6C1A24F14900C23970 /* Debug */ = {
			isa = XCBuildConfiguration;
			buildSettings = {
				DEFINES_MODULE = YES;
				DYLIB_COMPATIBILITY_VERSION = 1;
				DYLIB_CURRENT_VERSION = 1;
				DYLIB_INSTALL_NAME_BASE = "@rpath";
				INFOPLIST_FILE = MCTWebApp/Info.plist;
				INSTALL_PATH = "$(LOCAL_LIBRARY_DIR)/Frameworks";
				LD_RUNPATH_SEARCH_PATHS = "$(inherited) @executable_path/Frameworks @loader_path/Frameworks";
				PRODUCT_NAME = "$(TARGET_NAME)";
				SKIP_INSTALL = YES;
			};
			name = Debug;
		};
		9423EA6D1A24F14900C23970 /* Release */ = {
			isa = XCBuildConfiguration;
			buildSettings = {
				DEFINES_MODULE = YES;
				DYLIB_COMPATIBILITY_VERSION = 1;
				DYLIB_CURRENT_VERSION = 1;
				DYLIB_INSTALL_NAME_BASE = "@rpath";
				INFOPLIST_FILE = MCTWebApp/Info.plist;
				INSTALL_PATH = "$(LOCAL_LIBRARY_DIR)/Frameworks";
				LD_RUNPATH_SEARCH_PATHS = "$(inherited) @executable_path/Frameworks @loader_path/Frameworks";
				PRODUCT_NAME = "$(TARGET_NAME)";
				SKIP_INSTALL = YES;
			};
			name = Release;
		};
		9423EA6F1A24F14900C23970 /* Debug */ = {
			isa = XCBuildConfiguration;
			buildSettings = {
				FRAMEWORK_SEARCH_PATHS = (
					"$(SDKROOT)/Developer/Library/Frameworks",
					"$(inherited)",
				);
				GCC_PREPROCESSOR_DEFINITIONS = (
					"DEBUG=1",
					"$(inherited)",
				);
				INFOPLIST_FILE = MCTWebAppTests/Info.plist;
				LD_RUNPATH_SEARCH_PATHS = "$(inherited) @executable_path/Frameworks @loader_path/Frameworks";
				PRODUCT_NAME = "$(TARGET_NAME)";
			};
			name = Debug;
		};
		9423EA701A24F14900C23970 /* Release */ = {
			isa = XCBuildConfiguration;
			buildSettings = {
				FRAMEWORK_SEARCH_PATHS = (
					"$(SDKROOT)/Developer/Library/Frameworks",
					"$(inherited)",
				);
				INFOPLIST_FILE = MCTWebAppTests/Info.plist;
				LD_RUNPATH_SEARCH_PATHS = "$(inherited) @executable_path/Frameworks @loader_path/Frameworks";
				PRODUCT_NAME = "$(TARGET_NAME)";
			};
			name = Release;
		};
		9423EAA51A24FA7300C23970 /* Debug */ = {
			isa = XCBuildConfiguration;
			buildSettings = {
				ASSETCATALOG_COMPILER_APPICON_NAME = AppIcon;
				GCC_PREPROCESSOR_DEFINITIONS = (
					"DEBUG=1",
					"$(inherited)",
				);
				INFOPLIST_FILE = TestWebApp/Info.plist;
				LD_RUNPATH_SEARCH_PATHS = "$(inherited) @executable_path/Frameworks";
				PRODUCT_NAME = "$(TARGET_NAME)";
			};
			name = Debug;
		};
		9423EAA61A24FA7300C23970 /* Release */ = {
			isa = XCBuildConfiguration;
			buildSettings = {
				ASSETCATALOG_COMPILER_APPICON_NAME = AppIcon;
				INFOPLIST_FILE = TestWebApp/Info.plist;
				LD_RUNPATH_SEARCH_PATHS = "$(inherited) @executable_path/Frameworks";
				PRODUCT_NAME = "$(TARGET_NAME)";
			};
			name = Release;
		};
		9423EAA81A24FA7300C23970 /* Debug */ = {
			isa = XCBuildConfiguration;
			buildSettings = {
				BUNDLE_LOADER = "$(TEST_HOST)";
				FRAMEWORK_SEARCH_PATHS = (
					"$(SDKROOT)/Developer/Library/Frameworks",
					"$(inherited)",
				);
				GCC_PREPROCESSOR_DEFINITIONS = (
					"DEBUG=1",
					"$(inherited)",
				);
				INFOPLIST_FILE = TestWebAppTests/Info.plist;
				LD_RUNPATH_SEARCH_PATHS = "$(inherited) @executable_path/Frameworks @loader_path/Frameworks";
				PRODUCT_NAME = "$(TARGET_NAME)";
				TEST_HOST = "$(BUILT_PRODUCTS_DIR)/TestWebApp.app/TestWebApp";
			};
			name = Debug;
		};
		9423EAA91A24FA7300C23970 /* Release */ = {
			isa = XCBuildConfiguration;
			buildSettings = {
				BUNDLE_LOADER = "$(TEST_HOST)";
				FRAMEWORK_SEARCH_PATHS = (
					"$(SDKROOT)/Developer/Library/Frameworks",
					"$(inherited)",
				);
				INFOPLIST_FILE = TestWebAppTests/Info.plist;
				LD_RUNPATH_SEARCH_PATHS = "$(inherited) @executable_path/Frameworks @loader_path/Frameworks";
				PRODUCT_NAME = "$(TARGET_NAME)";
				TEST_HOST = "$(BUILT_PRODUCTS_DIR)/TestWebApp.app/TestWebApp";
			};
			name = Release;
		};
/* End XCBuildConfiguration section */

/* Begin XCConfigurationList section */
		9423EA4F1A24F14900C23970 /* Build configuration list for PBXProject "MCTWebApp" */ = {
			isa = XCConfigurationList;
			buildConfigurations = (
				9423EA691A24F14900C23970 /* Debug */,
				9423EA6A1A24F14900C23970 /* Release */,
			);
			defaultConfigurationIsVisible = 0;
			defaultConfigurationName = Release;
		};
		9423EA6B1A24F14900C23970 /* Build configuration list for PBXNativeTarget "MCTWebApp" */ = {
			isa = XCConfigurationList;
			buildConfigurations = (
				9423EA6C1A24F14900C23970 /* Debug */,
				9423EA6D1A24F14900C23970 /* Release */,
			);
			defaultConfigurationIsVisible = 0;
			defaultConfigurationName = Release;
		};
		9423EA6E1A24F14900C23970 /* Build configuration list for PBXNativeTarget "MCTWebAppTests" */ = {
			isa = XCConfigurationList;
			buildConfigurations = (
				9423EA6F1A24F14900C23970 /* Debug */,
				9423EA701A24F14900C23970 /* Release */,
			);
			defaultConfigurationIsVisible = 0;
			defaultConfigurationName = Release;
		};
		9423EAA41A24FA7300C23970 /* Build configuration list for PBXNativeTarget "TestWebApp" */ = {
			isa = XCConfigurationList;
			buildConfigurations = (
				9423EAA51A24FA7300C23970 /* Debug */,
				9423EAA61A24FA7300C23970 /* Release */,
			);
			defaultConfigurationIsVisible = 0;
			defaultConfigurationName = Release;
		};
		9423EAA71A24FA7300C23970 /* Build configuration list for PBXNativeTarget "TestWebAppTests" */ = {
			isa = XCConfigurationList;
			buildConfigurations = (
				9423EAA81A24FA7300C23970 /* Debug */,
				9423EAA91A24FA7300C23970 /* Release */,
			);
			defaultConfigurationIsVisible = 0;
			defaultConfigurationName = Release;
		};
/* End XCConfigurationList section */
	};
	rootObject = 9423EA4C1A24F14900C23970 /* Project object */;
}
